// !$*UTF8*$!
{
	archiveVersion = 1;
	classes = {
	};
	objectVersion = 46;
	objects = {

/* Begin PBXBuildFile section */
		B2169D8A1D45CAE90073506E /* main.m in Sources */ = {isa = PBXBuildFile; fileRef = B2169D891D45CAE90073506E /* main.m */; };
		B2169D8D1D45CAE90073506E /* AppDelegate.m in Sources */ = {isa = PBXBuildFile; fileRef = B2169D8C1D45CAE90073506E /* AppDelegate.m */; };
		B2169D901D45CAE90073506E /* ViewController.m in Sources */ = {isa = PBXBuildFile; fileRef = B2169D8F1D45CAE90073506E /* ViewController.m */; };
		B2169D931D45CAE90073506E /* Main.storyboard in Resources */ = {isa = PBXBuildFile; fileRef = B2169D911D45CAE90073506E /* Main.storyboard */; };
		B2169D961D45CAE90073506E /* _______.xcdatamodeld in Sources */ = {isa = PBXBuildFile; fileRef = B2169D941D45CAE90073506E /* _______.xcdatamodeld */; };
		B2169D981D45CAEA0073506E /* Assets.xcassets in Resources */ = {isa = PBXBuildFile; fileRef = B2169D971D45CAEA0073506E /* Assets.xcassets */; };
		B2169D9B1D45CAEA0073506E /* LaunchScreen.storyboard in Resources */ = {isa = PBXBuildFile; fileRef = B2169D991D45CAEA0073506E /* LaunchScreen.storyboard */; };
/* End PBXBuildFile section */

/* Begin PBXFileReference section */
		B2169D851D45CAE90073506E /* 文字之间的间距.app */ = {isa = PBXFileReference; explicitFileType = wrapper.application; includeInIndex = 0; path = "文字之间的间距.app"; sourceTree = BUILT_PRODUCTS_DIR; };
		B2169D891D45CAE90073506E /* main.m */ = {isa = PBXFileReference; lastKnownFileType = sourcecode.c.objc; path = main.m; sourceTree = "<group>"; };
		B2169D8B1D45CAE90073506E /* AppDelegate.h */ = {isa = PBXFileReference; lastKnownFileType = sourcecode.c.h; path = AppDelegate.h; sourceTree = "<group>"; };
		B2169D8C1D45CAE90073506E /* AppDelegate.m */ = {isa = PBXFileReference; lastKnownFileType = sourcecode.c.objc; path = AppDelegate.m; sourceTree = "<group>"; };
		B2169D8E1D45CAE90073506E /* ViewController.h */ = {isa = PBXFileReference; lastKnownFileType = sourcecode.c.h; path = ViewController.h; sourceTree = "<group>"; };
		B2169D8F1D45CAE90073506E /* ViewController.m */ = {isa = PBXFileReference; lastKnownFileType = sourcecode.c.objc; path = ViewController.m; sourceTree = "<group>"; };
		B2169D921D45CAE90073506E /* Base */ = {isa = PBXFileReference; lastKnownFileType = file.storyboard; name = Base; path = Base.lproj/Main.storyboard; sourceTree = "<group>"; };
		B2169D951D45CAE90073506E /* _______.xcdatamodel */ = {isa = PBXFileReference; lastKnownFileType = wrapper.xcdatamodel; path = "_______.xcdatamodel"; sourceTree = "<group>"; };
		B2169D971D45CAEA0073506E /* Assets.xcassets */ = {isa = PBXFileReference; lastKnownFileType = folder.assetcatalog; path = Assets.xcassets; sourceTree = "<group>"; };
		B2169D9A1D45CAEA0073506E /* Base */ = {isa = PBXFileReference; lastKnownFileType = file.storyboard; name = Base; path = Base.lproj/LaunchScreen.storyboard; sourceTree = "<group>"; };
		B2169D9C1D45CAEA0073506E /* Info.plist */ = {isa = PBXFileReference; lastKnownFileType = text.plist.xml; path = Info.plist; sourceTree = "<group>"; };
/* End PBXFileReference section */

/* Begin PBXFrameworksBuildPhase section */
		B2169D821D45CAE90073506E /* Frameworks */ = {
			isa = PBXFrameworksBuildPhase;
			buildActionMask = 2147483647;
			files = (
			);
			runOnlyForDeploymentPostprocessing = 0;
		};
/* End PBXFrameworksBuildPhase section */

/* Begin PBXGroup section */
		B2169D7C1D45CAE90073506E = {
			isa = PBXGroup;
			children = (
				B2169D871D45CAE90073506E /* 文字之间的间距 */,
				B2169D861D45CAE90073506E /* Products */,
			);
			sourceTree = "<group>";
		};
		B2169D861D45CAE90073506E /* Products */ = {
			isa = PBXGroup;
			children = (
				B2169D851D45CAE90073506E /* 文字之间的间距.app */,
			);
			name = Products;
			sourceTree = "<group>";
		};
		B2169D871D45CAE90073506E /* 文字之间的间距 */ = {
			isa = PBXGroup;
			children = (
				B2169D8B1D45CAE90073506E /* AppDelegate.h */,
				B2169D8C1D45CAE90073506E /* AppDelegate.m */,
				B2169D8E1D45CAE90073506E /* ViewController.h */,
				B2169D8F1D45CAE90073506E /* ViewController.m */,
				B2169D911D45CAE90073506E /* Main.storyboard */,
				B2169D971D45CAEA0073506E /* Assets.xcassets */,
				B2169D991D45CAEA0073506E /* LaunchScreen.storyboard */,
				B2169D9C1D45CAEA0073506E /* Info.plist */,
				B2169D941D45CAE90073506E /* _______.xcdatamodeld */,
				B2169D881D45CAE90073506E /* Supporting Files */,
			);
			path = "文字之间的间距";
			sourceTree = "<group>";
		};
		B2169D881D45CAE90073506E /* Supporting Files */ = {
			isa = PBXGroup;
			children = (
				B2169D891D45CAE90073506E /* main.m */,
			);
			name = "Supporting Files";
			sourceTree = "<group>";
		};
/* End PBXGroup section */

/* Begin PBXNativeTarget section */
		B2169D841D45CAE90073506E /* 文字之间的间距 */ = {
			isa = PBXNativeTarget;
			buildConfigurationList = B2169D9F1D45CAEA0073506E /* Build configuration list for PBXNativeTarget "文字之间的间距" */;
			buildPhases = (
				B2169D811D45CAE90073506E /* Sources */,
				B2169D821D45CAE90073506E /* Frameworks */,
				B2169D831D45CAE90073506E /* Resources */,
			);
			buildRules = (
			);
			dependencies = (
			);
			name = "文字之间的间距";
			productName = "文字之间的间距";
			productReference = B2169D851D45CAE90073506E /* 文字之间的间距.app */;
			productType = "com.apple.product-type.application";
		};
/* End PBXNativeTarget section */

/* Begin PBXProject section */
		B2169D7D1D45CAE90073506E /* Project object */ = {
			isa = PBXProject;
			attributes = {
				LastUpgradeCheck = 0730;
				ORGANIZATIONNAME = weixun;
				TargetAttributes = {
					B2169D841D45CAE90073506E = {
						CreatedOnToolsVersion = 7.3;
					};
				};
			};
			buildConfigurationList = B2169D801D45CAE90073506E /* Build configuration list for PBXProject "文字之间的间距" */;
			compatibilityVersion = "Xcode 3.2";
			developmentRegion = English;
			hasScannedForEncodings = 0;
			knownRegions = (
				en,
				Base,
			);
			mainGroup = B2169D7C1D45CAE90073506E;
			productRefGroup = B2169D861D45CAE90073506E /* Products */;
			projectDirPath = "";
			projectRoot = "";
			targets = (
				B2169D841D45CAE90073506E /* 文字之间的间距 */,
			);
		};
/* End PBXProject section */

/* Begin PBXResourcesBuildPhase section */
		B2169D831D45CAE90073506E /* Resources */ = {
			isa = PBXResourcesBuildPhase;
			buildActionMask = 2147483647;
			files = (
				B2169D9B1D45CAEA0073506E /* LaunchScreen.storyboard in Resources */,
				B2169D981D45CAEA0073506E /* Assets.xcassets in Resources */,
				B2169D931D45CAE90073506E /* Main.storyboard in Resources */,
			);
			runOnlyForDeploymentPostprocessing = 0;
		};
/* End PBXResourcesBuildPhase section */

/* Begin PBXSourcesBuildPhase section */
		B2169D811D45CAE90073506E /* Sources */ = {
			isa = PBXSourcesBuildPhase;
			buildActionMask = 2147483647;
			files = (
				B2169D901D45CAE90073506E /* ViewController.m in Sources */,
				B2169D961D45CAE90073506E /* _______.xcdatamodeld in Sources */,
				B2169D8D1D45CAE90073506E /* AppDelegate.m in Sources */,
				B2169D8A1D45CAE90073506E /* main.m in Sources */,
			);
			runOnlyForDeploymentPostprocessing = 0;
		};
/* End PBXSourcesBuildPhase section */

/* Begin PBXVariantGroup section */
		B2169D911D45CAE90073506E /* Main.storyboard */ = {
			isa = PBXVariantGroup;
			children = (
				B2169D921D45CAE90073506E /* Base */,
			);
			name = Main.storyboard;
			sourceTree = "<group>";
		};
		B2169D991D45CAEA0073506E /* LaunchScreen.storyboard */ = {
			isa = PBXVariantGroup;
			children = (
				B2169D9A1D45CAEA0073506E /* Base */,
			);
			name = LaunchScreen.storyboard;
			sourceTree = "<group>";
		};
/* End PBXVariantGroup section */

/* Begin XCBuildConfiguration section */
		B2169D9D1D45CAEA0073506E /* Debug */ = {
			isa = XCBuildConfiguration;
			buildSettings = {
				ALWAYS_SEARCH_USER_PATHS = NO;
				CLANG_ANALYZER_NONNULL = YES;
				CLANG_CXX_LANGUAGE_STANDARD = "gnu++0x";
				CLANG_CXX_LIBRARY = "libc++";
				CLANG_ENABLE_MODULES = YES;
				CLANG_ENABLE_OBJC_ARC = YES;
				CLANG_WARN_BOOL_CONVERSION = YES;
				CLANG_WARN_CONSTANT_CONVERSION = YES;
				CLANG_WARN_DIRECT_OBJC_ISA_USAGE = YES_ERROR;
				CLANG_WARN_EMPTY_BODY = YES;
				CLANG_WARN_ENUM_CONVERSION = YES;
				CLANG_WARN_INT_CONVERSION = YES;
				CLANG_WARN_OBJC_ROOT_CLASS = YES_ERROR;
				CLANG_WARN_UNREACHABLE_CODE = YES;
				CLANG_WARN__DUPLICATE_METHOD_MATCH = YES;
				"CODE_SIGN_IDENTITY[sdk=iphoneos*]" = "iPhone Developer";
				COPY_PHASE_STRIP = NO;
				DEBUG_INFORMATION_FORMAT = dwarf;
				ENABLE_STRICT_OBJC_MSGSEND = YES;
				ENABLE_TESTABILITY = YES;
				GCC_C_LANGUAGE_STANDARD = gnu99;
				GCC_DYNAMIC_NO_PIC = NO;
				GCC_NO_COMMON_BLOCKS = YES;
				GCC_OPTIMIZATION_LEVEL = 0;
				GCC_PREPROCESSOR_DEFINITIONS = (
					"DEBUG=1",
					"$(inherited)",
				);
				GCC_WARN_64_TO_32_BIT_CONVERSION = YES;
				GCC_WARN_ABOUT_RETURN_TYPE = YES_ERROR;
				GCC_WARN_UNDECLARED_SELECTOR = YES;
				GCC_WARN_UNINITIALIZED_AUTOS = YES_AGGRESSIVE;
				GCC_WARN_UNUSED_FUNCTION = YES;
				GCC_WARN_UNUSED_VARIABLE = YES;
				IPHONEOS_DEPLOYMENT_TARGET = 9.3;
				MTL_ENABLE_DEBUG_INFO = YES;
				ONLY_ACTIVE_ARCH = YES;
				SDKROOT = iphoneos;
			};
			name = Debug;
		};
		B2169D9E1D45CAEA0073506E /* Release */ = {
			isa = XCBuildConfiguration;
			buildSettings = {
				ALWAYS_SEARCH_USER_PATHS = NO;
				CLANG_ANALYZER_NONNULL = YES;
				CLANG_CXX_LANGUAGE_STANDARD = "gnu++0x";
				CLANG_CXX_LIBRARY = "libc++";
				CLANG_ENABLE_MODULES = YES;
				CLANG_ENABLE_OBJC_ARC = YES;
				CLANG_WARN_BOOL_CONVERSION = YES;
				CLANG_WARN_CONSTANT_CONVERSION = YES;
				CLANG_WARN_DIRECT_OBJC_ISA_USAGE = YES_ERROR;
				CLANG_WARN_EMPTY_BODY = YES;
				CLANG_WARN_ENUM_CONVERSION = YES;
				CLANG_WARN_INT_CONVERSION = YES;
				CLANG_WARN_OBJC_ROOT_CLASS = YES_ERROR;
				CLANG_WARN_UNREACHABLE_CODE = YES;
				CLANG_WARN__DUPLICATE_METHOD_MATCH = YES;
				"CODE_SIGN_IDENTITY[sdk=iphoneos*]" = "iPhone Developer";
				COPY_PHASE_STRIP = NO;
				DEBUG_INFORMATION_FORMAT = "dwarf-with-dsym";
				ENABLE_NS_ASSERTIONS = NO;
				ENABLE_STRICT_OBJC_MSGSEND = YES;
				GCC_C_LANGUAGE_STANDARD = gnu99;
				GCC_NO_COMMON_BLOCKS = YES;
				GCC_WARN_64_TO_32_BIT_CONVERSION = YES;
				GCC_WARN_ABOUT_RETURN_TYPE = YES_ERROR;
				GCC_WARN_UNDECLARED_SELECTOR = YES;
				GCC_WARN_UNINITIALIZED_AUTOS = YES_AGGRESSIVE;
				GCC_WARN_UNUSED_FUNCTION = YES;
				GCC_WARN_UNUSED_VARIABLE = YES;
				IPHONEOS_DEPLOYMENT_TARGET = 9.3;
				MTL_ENABLE_DEBUG_INFO = NO;
				SDKROOT = iphoneos;
				VALIDATE_PRODUCT = YES;
			};
			name = Release;
		};
		B2169DA01D45CAEA0073506E /* Debug */ = {
			isa = XCBuildConfiguration;
			buildSettings = {
				ASSETCATALOG_COMPILER_APPICON_NAME = AppIcon;
				INFOPLIST_FILE = "文字之间的间距/Info.plist";
				LD_RUNPATH_SEARCH_PATHS = "$(inherited) @executable_path/Frameworks";
				PRODUCT_BUNDLE_IDENTIFIER = "com.weixun.-------";
				PRODUCT_NAME = "$(TARGET_NAME)";
			};
			name = Debug;
		};
		B2169DA11D45CAEA0073506E /* Release */ = {
			isa = XCBuildConfiguration;
			buildSettings = {
				ASSETCATALOG_COMPILER_APPICON_NAME = AppIcon;
				INFOPLIST_FILE = "文字之间的间距/Info.plist";
				LD_RUNPATH_SEARCH_PATHS = "$(inherited) @executable_path/Frameworks";
				PRODUCT_BUNDLE_IDENTIFIER = "com.weixun.-------";
				PRODUCT_NAME = "$(TARGET_NAME)";
			};
			name = Release;
		};
/* End XCBuildConfiguration section */

/* Begin XCConfigurationList section */
		B2169D801D45CAE90073506E /* Build configuration list for PBXProject "文字之间的间距" */ = {
			isa = XCConfigurationList;
			buildConfigurations = (
				B2169D9D1D45CAEA0073506E /* Debug */,
				B2169D9E1D45CAEA0073506E /* Release */,
			);
			defaultConfigurationIsVisible = 0;
			defaultConfigurationName = Release;
		};
		B2169D9F1D45CAEA0073506E /* Build configuration list for PBXNativeTarget "文字之间的间距" */ = {
			isa = XCConfigurationList;
			buildConfigurations = (
				B2169DA01D45CAEA0073506E /* Debug */,
				B2169DA11D45CAEA0073506E /* Release */,
			);
			defaultConfigurationIsVisible = 0;
		};
/* End XCConfigurationList section */

/* Begin XCVersionGroup section */
		B2169D941D45CAE90073506E /* _______.xcdatamodeld */ = {
			isa = XCVersionGroup;
			children = (
				B2169D951D45CAE90073506E /* _______.xcdatamodel */,
			);
			currentVersion = B2169D951D45CAE90073506E /* _______.xcdatamodel */;
			path = "_______.xcdatamodeld";
			sourceTree = "<group>";
			versionGroupType = wrapper.xcdatamodel;
		};
/* End XCVersionGroup section */
	};
	rootObject = B2169D7D1D45CAE90073506E /* Project object */;
}
